
Microsoft Visual Studio Solution File, Format Version 12.00
# Visual Studio Version 17
VisualStudioVersion = 17.0.31903.59
MinimumVisualStudioVersion = 10.0.40219.1
Project("{2150E333-8FDC-42A3-9474-1A3956D46DE8}") = "src", "src", "{827E0CD3-B72D-47B6-A68D-7590B98EB39B}"
EndProject
Project("{FAE04EC0-301F-11D3-BF4B-00C04F79EFBC}") = "PokerProOS.Domain", "src\PokerProOS.Domain\PokerProOS.Domain.csproj", "{C7F5EA39-8FD2-4608-A903-1E22F617ACD0}"
EndProject
Project("{FAE04EC0-301F-11D3-BF4B-00C04F79EFBC}") = "PokerProOS.Application", "src\PokerProOS.Application\PokerProOS.Application.csproj", "{79E9E39F-38B5-497E-A11B-E67EDFE4B17B}"
EndProject
Project("{FAE04EC0-301F-11D3-BF4B-00C04F79EFBC}") = "PokerProOS.Infrastructure", "src\PokerProOS.Infrastructure\PokerProOS.Infrastructure.csproj", "{B74A9C8A-CD7E-4B1B-9102-1E464F4D2E33}"
EndProject
Project("{FAE04EC0-301F-11D3-BF4B-00C04F79EFBC}") = "PokerProOS.Api", "src\PokerProOS.Api\PokerProOS.Api.csproj", "{BB53857E-BB4A-4757-90BF-F89C9344D54B}"
EndProject
Global
	GlobalSection(SolutionConfigurationPlatforms) = preSolution
		Debug|Any CPU = Debug|Any CPU
		Debug|x64 = Debug|x64
		Debug|x86 = Debug|x86
		Release|Any CPU = Release|Any CPU
		Release|x64 = Release|x64
		Release|x86 = Release|x86
	EndGlobalSection
	GlobalSection(ProjectConfigurationPlatforms) = postSolution
		{C7F5EA39-8FD2-4608-A903-1E22F617ACD0}.Debug|Any CPU.ActiveCfg = Debug|Any CPU
		{C7F5EA39-8FD2-4608-A903-1E22F617ACD0}.Debug|Any CPU.Build.0 = Debug|Any CPU
		{C7F5EA39-8FD2-4608-A903-1E22F617ACD0}.Debug|x64.ActiveCfg = Debug|Any CPU
		{C7F5EA39-8FD2-4608-A903-1E22F617ACD0}.Debug|x64.Build.0 = Debug|Any CPU
		{C7F5EA39-8FD2-4608-A903-1E22F617ACD0}.Debug|x86.ActiveCfg = Debug|Any CPU
		{C7F5EA39-8FD2-4608-A903-1E22F617ACD0}.Debug|x86.Build.0 = Debug|Any CPU
		{C7F5EA39-8FD2-4608-A903-1E22F617ACD0}.Release|Any CPU.ActiveCfg = Release|Any CPU
		{C7F5EA39-8FD2-4608-A903-1E22F617ACD0}.Release|Any CPU.Build.0 = Release|Any CPU
		{C7F5EA39-8FD2-4608-A903-1E22F617ACD0}.Release|x64.ActiveCfg = Release|Any CPU
		{C7F5EA39-8FD2-4608-A903-1E22F617ACD0}.Release|x64.Build.0 = Release|Any CPU
		{C7F5EA39-8FD2-4608-A903-1E22F617ACD0}.Release|x86.ActiveCfg = Release|Any CPU
		{C7F5EA39-8FD2-4608-A903-1E22F617ACD0}.Release|x86.Build.0 = Release|Any CPU
		{79E9E39F-38B5-497E-A11B-E67EDFE4B17B}.Debug|Any CPU.ActiveCfg = Debug|Any CPU
		{79E9E39F-38B5-497E-A11B-E67EDFE4B17B}.Debug|Any CPU.Build.0 = Debug|Any CPU
		{79E9E39F-38B5-497E-A11B-E67EDFE4B17B}.Debug|x64.ActiveCfg = Debug|Any CPU
		{79E9E39F-38B5-497E-A11B-E67EDFE4B17B}.Debug|x64.Build.0 = Debug|Any CPU
		{79E9E39F-38B5-497E-A11B-E67EDFE4B17B}.Debug|x86.ActiveCfg = Debug|Any CPU
		{79E9E39F-38B5-497E-A11B-E67EDFE4B17B}.Debug|x86.Build.0 = Debug|Any CPU
		{79E9E39F-38B5-497E-A11B-E67EDFE4B17B}.Release|Any CPU.ActiveCfg = Release|Any CPU
		{79E9E39F-38B5-497E-A11B-E67EDFE4B17B}.Release|Any CPU.Build.0 = Release|Any CPU
		{79E9E39F-38B5-497E-A11B-E67EDFE4B17B}.Release|x64.ActiveCfg = Release|Any CPU
		{79E9E39F-38B5-497E-A11B-E67EDFE4B17B}.Release|x64.Build.0 = Release|Any CPU
		{79E9E39F-38B5-497E-A11B-E67EDFE4B17B}.Release|x86.ActiveCfg = Release|Any CPU
		{79E9E39F-38B5-497E-A11B-E67EDFE4B17B}.Release|x86.Build.0 = Release|Any CPU
		{B74A9C8A-CD7E-4B1B-9102-1E464F4D2E33}.Debug|Any CPU.ActiveCfg = Debug|Any CPU
		{B74A9C8A-CD7E-4B1B-9102-1E464F4D2E33}.Debug|Any CPU.Build.0 = Debug|Any CPU
		{B74A9C8A-CD7E-4B1B-9102-1E464F4D2E33}.Debug|x64.ActiveCfg = Debug|Any CPU
		{B74A9C8A-CD7E-4B1B-9102-1E464F4D2E33}.Debug|x64.Build.0 = Debug|Any CPU
		{B74A9C8A-CD7E-4B1B-9102-1E464F4D2E33}.Debug|x86.ActiveCfg = Debug|Any CPU
		{B74A9C8A-CD7E-4B1B-9102-1E464F4D2E33}.Debug|x86.Build.0 = Debug|Any CPU
		{B74A9C8A-CD7E-4B1B-9102-1E464F4D2E33}.Release|Any CPU.ActiveCfg = Release|Any CPU
		{B74A9C8A-CD7E-4B1B-9102-1E464F4D2E33}.Release|Any CPU.Build.0 = Release|Any CPU
		{B74A9C8A-CD7E-4B1B-9102-1E464F4D2E33}.Release|x64.ActiveCfg = Release|Any CPU
		{B74A9C8A-CD7E-4B1B-9102-1E464F4D2E33}.Release|x64.Build.0 = Release|Any CPU
		{B74A9C8A-CD7E-4B1B-9102-1E464F4D2E33}.Release|x86.ActiveCfg = Release|Any CPU
		{B74A9C8A-CD7E-4B1B-9102-1E464F4D2E33}.Release|x86.Build.0 = Release|Any CPU
		{BB53857E-BB4A-4757-90BF-F89C9344D54B}.Debug|Any CPU.ActiveCfg = Debug|Any CPU
		{BB53857E-BB4A-4757-90BF-F89C9344D54B}.Debug|Any CPU.Build.0 = Debug|Any CPU
		{BB53857E-BB4A-4757-90BF-F89C9344D54B}.Debug|x64.ActiveCfg = Debug|Any CPU
		{BB53857E-BB4A-4757-90BF-F89C9344D54B}.Debug|x64.Build.0 = Debug|Any CPU
		{BB53857E-BB4A-4757-90BF-F89C9344D54B}.Debug|x86.ActiveCfg = Debug|Any CPU
		{BB53857E-BB4A-4757-90BF-F89C9344D54B}.Debug|x86.Build.0 = Debug|Any CPU
		{BB53857E-BB4A-4757-90BF-F89C9344D54B}.Release|Any CPU.ActiveCfg = Release|Any CPU
		{BB53857E-BB4A-4757-90BF-F89C9344D54B}.Release|Any CPU.Build.0 = Release|Any CPU
		{BB53857E-BB4A-4757-90BF-F89C9344D54B}.Release|x64.ActiveCfg = Release|Any CPU
		{BB53857E-BB4A-4757-90BF-F89C9344D54B}.Release|x64.Build.0 = Release|Any CPU
		{BB53857E-BB4A-4757-90BF-F89C9344D54B}.Release|x86.ActiveCfg = Release|Any CPU
		{BB53857E-BB4A-4757-90BF-F89C9344D54B}.Release|x86.Build.0 = Release|Any CPU
	EndGlobalSection
	GlobalSection(SolutionProperties) = preSolution
		HideSolutionNode = FALSE
	EndGlobalSection
	GlobalSection(NestedProjects) = preSolution
		{C7F5EA39-8FD2-4608-A903-1E22F617ACD0} = {827E0CD3-B72D-47B6-A68D-7590B98EB39B}
		{79E9E39F-38B5-497E-A11B-E67EDFE4B17B} = {827E0CD3-B72D-47B6-A68D-7590B98EB39B}
		{B74A9C8A-CD7E-4B1B-9102-1E464F4D2E33} = {827E0CD3-B72D-47B6-A68D-7590B98EB39B}
		{BB53857E-BB4A-4757-90BF-F89C9344D54B} = {827E0CD3-B72D-47B6-A68D-7590B98EB39B}
	EndGlobalSection
EndGlobal
